
Microsoft Visual Studio Solution File, Format Version 12.00
# Visual Studio 2013
VisualStudioVersion = 12.0.30723.0
MinimumVisualStudioVersion = 10.0.40219.1
Project("{2150E333-8FDC-42A3-9474-1A3956D46DE8}") = ".nuget", ".nuget", "{4900279E-8A47-4E5D-B8F0-A6DD8773F351}"
	ProjectSection(SolutionItems) = preProject
		.nuget\NuGet.Config = .nuget\NuGet.Config
		.nuget\NuGet.exe = .nuget\NuGet.exe
		.nuget\NuGet.targets = .nuget\NuGet.targets
	EndProjectSection
EndProject
Project("{2150E333-8FDC-42A3-9474-1A3956D46DE8}") = "Test", "Test", "{0D966643-ECCD-4288-B562-4E0FA8B24390}"
	ProjectSection(SolutionItems) = preProject
		Common\core\_SettingsStarted.txt.pp = Common\core\_SettingsStarted.txt.pp
		Common\MvxPluginsSettings.nuspec = Common\MvxPluginsSettings.nuspec
		.nuget\NuGet.targets = .nuget\NuGet.targets
		Common\core\Settings.cs.pp = Common\core\Settings.cs.pp
	EndProjectSection
EndProject
Project("{FAE04EC0-301F-11D3-BF4B-00C04F79EFBC}") = "Refractored.MvxPlugins.Settings", "Refractored.MvxPlugins.Settings\Refractored.MvxPlugins.Settings.csproj", "{747706F4-ECBF-4D50-8D72-B0DDCC18395C}"
EndProject
Project("{FAE04EC0-301F-11D3-BF4B-00C04F79EFBC}") = "Refractored.MvxPlugins.Settings.Droid", "Refractored.MvxPlugins.Settings.Droid\Refractored.MvxPlugins.Settings.Droid.csproj", "{91B25A78-62C8-41AA-8D22-DA326A5EA64D}"
EndProject
Project("{FAE04EC0-301F-11D3-BF4B-00C04F79EFBC}") = "Refractored.MvxPlugins.Settings.WindowsPhone", "Refractored.MvxPlugins.Settings.WindowsPhone\Refractored.MvxPlugins.Settings.WindowsPhone.csproj", "{DFC49539-6A6E-4AD5-AE04-500D65B30F20}"
EndProject
Project("{FAE04EC0-301F-11D3-BF4B-00C04F79EFBC}") = "Refractored.MvxPlugins.Settings.Touch", "Refractored.MvxPlugins.Settings.Touch\Refractored.MvxPlugins.Settings.Touch.csproj", "{C598E2C2-E094-42B7-A8D7-BE83E1C72C86}"
EndProject
Project("{FAE04EC0-301F-11D3-BF4B-00C04F79EFBC}") = "Refractored.MvxPlugins.Settings.WindowsStore", "Refractored.MvxPlugins.Settings.WindowsStore\Refractored.MvxPlugins.Settings.WindowsStore.csproj", "{489617CC-3D48-4189-BAAE-06D08384F965}"
EndProject
Project("{FAE04EC0-301F-11D3-BF4B-00C04F79EFBC}") = "Refractored.MvxPlugins.Settings.Test.Touch", "Refractored.MvxPlugins.Settings.Test.Touch\Refractored.MvxPlugins.Settings.Test.Touch.csproj", "{7B500905-DBAC-446D-BEEF-4D649544D43D}"
EndProject
Project("{FAE04EC0-301F-11D3-BF4B-00C04F79EFBC}") = "Refractored.MvxPlugins.Settings.Test.Core", "Refractored.MvxPlugins.Settings.Test.Core\Refractored.MvxPlugins.Settings.Test.Core.csproj", "{EC4D7E89-74D3-4D15-85FE-5EC0CB647964}"
EndProject
Project("{FAE04EC0-301F-11D3-BF4B-00C04F79EFBC}") = "Refractored.MvxPlugins.Settings.WindowsPhoneRT", "Refractored.MvxPlugins.Settings.WindowsPhoneRT\Refractored.MvxPlugins.Settings.WindowsPhoneRT.csproj", "{012DB1DD-E357-43A3-BC20-24FDED43159E}"
EndProject
Project("{FAE04EC0-301F-11D3-BF4B-00C04F79EFBC}") = "Refractored.MvxPlugins.Settings.Test.WPRT", "Refractored.MvxPlugins.Settings.Test.WPRT\Refractored.MvxPlugins.Settings.Test.WPRT.csproj", "{7194FCEA-1666-4F05-B25F-BA01DC18D965}"
EndProject
Project("{FAE04EC0-301F-11D3-BF4B-00C04F79EFBC}") = "Refractored.MvxPlugins.Settings.Test.WP", "Refractored.MvxPlugins.Settings.Test.WP\Refractored.MvxPlugins.Settings.Test.WP.csproj", "{928A9F08-3EB3-4790-A9C5-415AA819EA7F}"
EndProject
Project("{FAE04EC0-301F-11D3-BF4B-00C04F79EFBC}") = "Refractored.MvxPlugins.Settings.Test.WinStore", "Refractored.MvxPlugins.Settings.Test.WinStore\Refractored.MvxPlugins.Settings.Test.WinStore.csproj", "{1BC76F5F-5871-4042-81D1-6A5E1CE7C495}"
EndProject
Project("{FAE04EC0-301F-11D3-BF4B-00C04F79EFBC}") = "Refractored.MvxPlugins.Settings.Test.Droid", "Refractored.MvxPlugins.Settings.Test.Droid\Refractored.MvxPlugins.Settings.Test.Droid.csproj", "{B88C5F08-B5E6-4020-BCCA-86A3AB11549A}"
EndProject
Project("{2150E333-8FDC-42A3-9474-1A3956D46DE8}") = "Misc", "Misc", "{79FACD3C-28D4-4287-A2E4-A2009D32C738}"
	ProjectSection(SolutionItems) = preProject
		Common\core\_SettingsStarted.txt.pp = Common\core\_SettingsStarted.txt.pp
		Common\MvxPluginsSettings.nuspec = Common\MvxPluginsSettings.nuspec
		.nuget\NuGet.targets = .nuget\NuGet.targets
		Common\core\Settings.cs.pp = Common\core\Settings.cs.pp
	EndProjectSection
EndProject
Global
	GlobalSection(SolutionConfigurationPlatforms) = preSolution
		Ad-Hoc|Any CPU = Ad-Hoc|Any CPU
		Ad-Hoc|ARM = Ad-Hoc|ARM
		Ad-Hoc|iPhone = Ad-Hoc|iPhone
		Ad-Hoc|iPhoneSimulator = Ad-Hoc|iPhoneSimulator
		Ad-Hoc|Mixed Platforms = Ad-Hoc|Mixed Platforms
		Ad-Hoc|x64 = Ad-Hoc|x64
		Ad-Hoc|x86 = Ad-Hoc|x86
		AppStore|Any CPU = AppStore|Any CPU
		AppStore|ARM = AppStore|ARM
		AppStore|iPhone = AppStore|iPhone
		AppStore|iPhoneSimulator = AppStore|iPhoneSimulator
		AppStore|Mixed Platforms = AppStore|Mixed Platforms
		AppStore|x64 = AppStore|x64
		AppStore|x86 = AppStore|x86
		Debug|Any CPU = Debug|Any CPU
		Debug|ARM = Debug|ARM
		Debug|iPhone = Debug|iPhone
		Debug|iPhoneSimulator = Debug|iPhoneSimulator
		Debug|Mixed Platforms = Debug|Mixed Platforms
		Debug|x64 = Debug|x64
		Debug|x86 = Debug|x86
		Release|Any CPU = Release|Any CPU
		Release|ARM = Release|ARM
		Release|iPhone = Release|iPhone
		Release|iPhoneSimulator = Release|iPhoneSimulator
		Release|Mixed Platforms = Release|Mixed Platforms
		Release|x64 = Release|x64
		Release|x86 = Release|x86
	EndGlobalSection
	GlobalSection(ProjectConfigurationPlatforms) = postSolution
		{747706F4-ECBF-4D50-8D72-B0DDCC18395C}.Ad-Hoc|Any CPU.ActiveCfg = Release|Any CPU
		{747706F4-ECBF-4D50-8D72-B0DDCC18395C}.Ad-Hoc|Any CPU.Build.0 = Release|Any CPU
		{747706F4-ECBF-4D50-8D72-B0DDCC18395C}.Ad-Hoc|ARM.ActiveCfg = Release|Any CPU
		{747706F4-ECBF-4D50-8D72-B0DDCC18395C}.Ad-Hoc|iPhone.ActiveCfg = Release|Any CPU
		{747706F4-ECBF-4D50-8D72-B0DDCC18395C}.Ad-Hoc|iPhoneSimulator.ActiveCfg = Release|Any CPU
		{747706F4-ECBF-4D50-8D72-B0DDCC18395C}.Ad-Hoc|Mixed Platforms.ActiveCfg = Release|Any CPU
		{747706F4-ECBF-4D50-8D72-B0DDCC18395C}.Ad-Hoc|Mixed Platforms.Build.0 = Release|Any CPU
		{747706F4-ECBF-4D50-8D72-B0DDCC18395C}.Ad-Hoc|x64.ActiveCfg = Release|Any CPU
		{747706F4-ECBF-4D50-8D72-B0DDCC18395C}.Ad-Hoc|x86.ActiveCfg = Release|Any CPU
		{747706F4-ECBF-4D50-8D72-B0DDCC18395C}.AppStore|Any CPU.ActiveCfg = Release|Any CPU
		{747706F4-ECBF-4D50-8D72-B0DDCC18395C}.AppStore|Any CPU.Build.0 = Release|Any CPU
		{747706F4-ECBF-4D50-8D72-B0DDCC18395C}.AppStore|ARM.ActiveCfg = Release|Any CPU
		{747706F4-ECBF-4D50-8D72-B0DDCC18395C}.AppStore|iPhone.ActiveCfg = Release|Any CPU
		{747706F4-ECBF-4D50-8D72-B0DDCC18395C}.AppStore|iPhoneSimulator.ActiveCfg = Release|Any CPU
		{747706F4-ECBF-4D50-8D72-B0DDCC18395C}.AppStore|Mixed Platforms.ActiveCfg = Release|Any CPU
		{747706F4-ECBF-4D50-8D72-B0DDCC18395C}.AppStore|Mixed Platforms.Build.0 = Release|Any CPU
		{747706F4-ECBF-4D50-8D72-B0DDCC18395C}.AppStore|x64.ActiveCfg = Release|Any CPU
		{747706F4-ECBF-4D50-8D72-B0DDCC18395C}.AppStore|x86.ActiveCfg = Release|Any CPU
		{747706F4-ECBF-4D50-8D72-B0DDCC18395C}.Debug|Any CPU.ActiveCfg = Debug|Any CPU
		{747706F4-ECBF-4D50-8D72-B0DDCC18395C}.Debug|Any CPU.Build.0 = Debug|Any CPU
		{747706F4-ECBF-4D50-8D72-B0DDCC18395C}.Debug|ARM.ActiveCfg = Debug|Any CPU
		{747706F4-ECBF-4D50-8D72-B0DDCC18395C}.Debug|iPhone.ActiveCfg = Debug|Any CPU
		{747706F4-ECBF-4D50-8D72-B0DDCC18395C}.Debug|iPhoneSimulator.ActiveCfg = Debug|Any CPU
		{747706F4-ECBF-4D50-8D72-B0DDCC18395C}.Debug|Mixed Platforms.ActiveCfg = Debug|Any CPU
		{747706F4-ECBF-4D50-8D72-B0DDCC18395C}.Debug|Mixed Platforms.Build.0 = Debug|Any CPU
		{747706F4-ECBF-4D50-8D72-B0DDCC18395C}.Debug|x64.ActiveCfg = Debug|Any CPU
		{747706F4-ECBF-4D50-8D72-B0DDCC18395C}.Debug|x86.ActiveCfg = Debug|Any CPU
		{747706F4-ECBF-4D50-8D72-B0DDCC18395C}.Release|Any CPU.ActiveCfg = Release|Any CPU
		{747706F4-ECBF-4D50-8D72-B0DDCC18395C}.Release|Any CPU.Build.0 = Release|Any CPU
		{747706F4-ECBF-4D50-8D72-B0DDCC18395C}.Release|ARM.ActiveCfg = Release|Any CPU
		{747706F4-ECBF-4D50-8D72-B0DDCC18395C}.Release|iPhone.ActiveCfg = Release|Any CPU
		{747706F4-ECBF-4D50-8D72-B0DDCC18395C}.Release|iPhoneSimulator.ActiveCfg = Release|Any CPU
		{747706F4-ECBF-4D50-8D72-B0DDCC18395C}.Release|Mixed Platforms.ActiveCfg = Release|Any CPU
		{747706F4-ECBF-4D50-8D72-B0DDCC18395C}.Release|Mixed Platforms.Build.0 = Release|Any CPU
		{747706F4-ECBF-4D50-8D72-B0DDCC18395C}.Release|x64.ActiveCfg = Release|Any CPU
		{747706F4-ECBF-4D50-8D72-B0DDCC18395C}.Release|x86.ActiveCfg = Release|Any CPU
		{91B25A78-62C8-41AA-8D22-DA326A5EA64D}.Ad-Hoc|Any CPU.ActiveCfg = Release|Any CPU
		{91B25A78-62C8-41AA-8D22-DA326A5EA64D}.Ad-Hoc|Any CPU.Build.0 = Release|Any CPU
		{91B25A78-62C8-41AA-8D22-DA326A5EA64D}.Ad-Hoc|ARM.ActiveCfg = Release|Any CPU
		{91B25A78-62C8-41AA-8D22-DA326A5EA64D}.Ad-Hoc|iPhone.ActiveCfg = Release|Any CPU
		{91B25A78-62C8-41AA-8D22-DA326A5EA64D}.Ad-Hoc|iPhoneSimulator.ActiveCfg = Release|Any CPU
		{91B25A78-62C8-41AA-8D22-DA326A5EA64D}.Ad-Hoc|Mixed Platforms.ActiveCfg = Release|Any CPU
		{91B25A78-62C8-41AA-8D22-DA326A5EA64D}.Ad-Hoc|Mixed Platforms.Build.0 = Release|Any CPU
		{91B25A78-62C8-41AA-8D22-DA326A5EA64D}.Ad-Hoc|x64.ActiveCfg = Release|Any CPU
		{91B25A78-62C8-41AA-8D22-DA326A5EA64D}.Ad-Hoc|x86.ActiveCfg = Release|Any CPU
		{91B25A78-62C8-41AA-8D22-DA326A5EA64D}.AppStore|Any CPU.ActiveCfg = Release|Any CPU
		{91B25A78-62C8-41AA-8D22-DA326A5EA64D}.AppStore|Any CPU.Build.0 = Release|Any CPU
		{91B25A78-62C8-41AA-8D22-DA326A5EA64D}.AppStore|ARM.ActiveCfg = Release|Any CPU
		{91B25A78-62C8-41AA-8D22-DA326A5EA64D}.AppStore|iPhone.ActiveCfg = Release|Any CPU
		{91B25A78-62C8-41AA-8D22-DA326A5EA64D}.AppStore|iPhoneSimulator.ActiveCfg = Release|Any CPU
		{91B25A78-62C8-41AA-8D22-DA326A5EA64D}.AppStore|Mixed Platforms.ActiveCfg = Release|Any CPU
		{91B25A78-62C8-41AA-8D22-DA326A5EA64D}.AppStore|Mixed Platforms.Build.0 = Release|Any CPU
		{91B25A78-62C8-41AA-8D22-DA326A5EA64D}.AppStore|x64.ActiveCfg = Release|Any CPU
		{91B25A78-62C8-41AA-8D22-DA326A5EA64D}.AppStore|x86.ActiveCfg = Release|Any CPU
		{91B25A78-62C8-41AA-8D22-DA326A5EA64D}.Debug|Any CPU.ActiveCfg = Debug|Any CPU
		{91B25A78-62C8-41AA-8D22-DA326A5EA64D}.Debug|Any CPU.Build.0 = Debug|Any CPU
		{91B25A78-62C8-41AA-8D22-DA326A5EA64D}.Debug|ARM.ActiveCfg = Debug|Any CPU
		{91B25A78-62C8-41AA-8D22-DA326A5EA64D}.Debug|iPhone.ActiveCfg = Debug|Any CPU
		{91B25A78-62C8-41AA-8D22-DA326A5EA64D}.Debug|iPhoneSimulator.ActiveCfg = Debug|Any CPU
		{91B25A78-62C8-41AA-8D22-DA326A5EA64D}.Debug|Mixed Platforms.ActiveCfg = Debug|Any CPU
		{91B25A78-62C8-41AA-8D22-DA326A5EA64D}.Debug|Mixed Platforms.Build.0 = Debug|Any CPU
		{91B25A78-62C8-41AA-8D22-DA326A5EA64D}.Debug|x64.ActiveCfg = Debug|Any CPU
		{91B25A78-62C8-41AA-8D22-DA326A5EA64D}.Debug|x86.ActiveCfg = Debug|Any CPU
		{91B25A78-62C8-41AA-8D22-DA326A5EA64D}.Release|Any CPU.ActiveCfg = Release|Any CPU
		{91B25A78-62C8-41AA-8D22-DA326A5EA64D}.Release|Any CPU.Build.0 = Release|Any CPU
		{91B25A78-62C8-41AA-8D22-DA326A5EA64D}.Release|ARM.ActiveCfg = Release|Any CPU
		{91B25A78-62C8-41AA-8D22-DA326A5EA64D}.Release|iPhone.ActiveCfg = Release|Any CPU
		{91B25A78-62C8-41AA-8D22-DA326A5EA64D}.Release|iPhoneSimulator.ActiveCfg = Release|Any CPU
		{91B25A78-62C8-41AA-8D22-DA326A5EA64D}.Release|Mixed Platforms.ActiveCfg = Release|Any CPU
		{91B25A78-62C8-41AA-8D22-DA326A5EA64D}.Release|Mixed Platforms.Build.0 = Release|Any CPU
		{91B25A78-62C8-41AA-8D22-DA326A5EA64D}.Release|x64.ActiveCfg = Release|Any CPU
		{91B25A78-62C8-41AA-8D22-DA326A5EA64D}.Release|x86.ActiveCfg = Release|Any CPU
		{DFC49539-6A6E-4AD5-AE04-500D65B30F20}.Ad-Hoc|Any CPU.ActiveCfg = Release|Any CPU
		{DFC49539-6A6E-4AD5-AE04-500D65B30F20}.Ad-Hoc|Any CPU.Build.0 = Release|Any CPU
		{DFC49539-6A6E-4AD5-AE04-500D65B30F20}.Ad-Hoc|ARM.ActiveCfg = Release|Any CPU
		{DFC49539-6A6E-4AD5-AE04-500D65B30F20}.Ad-Hoc|iPhone.ActiveCfg = Release|Any CPU
		{DFC49539-6A6E-4AD5-AE04-500D65B30F20}.Ad-Hoc|iPhoneSimulator.ActiveCfg = Release|Any CPU
		{DFC49539-6A6E-4AD5-AE04-500D65B30F20}.Ad-Hoc|Mixed Platforms.ActiveCfg = Release|Any CPU
		{DFC49539-6A6E-4AD5-AE04-500D65B30F20}.Ad-Hoc|Mixed Platforms.Build.0 = Release|Any CPU
		{DFC49539-6A6E-4AD5-AE04-500D65B30F20}.Ad-Hoc|x64.ActiveCfg = Release|Any CPU
		{DFC49539-6A6E-4AD5-AE04-500D65B30F20}.Ad-Hoc|x86.ActiveCfg = Release|Any CPU
		{DFC49539-6A6E-4AD5-AE04-500D65B30F20}.AppStore|Any CPU.ActiveCfg = Release|Any CPU
		{DFC49539-6A6E-4AD5-AE04-500D65B30F20}.AppStore|Any CPU.Build.0 = Release|Any CPU
		{DFC49539-6A6E-4AD5-AE04-500D65B30F20}.AppStore|ARM.ActiveCfg = Release|Any CPU
		{DFC49539-6A6E-4AD5-AE04-500D65B30F20}.AppStore|iPhone.ActiveCfg = Release|Any CPU
		{DFC49539-6A6E-4AD5-AE04-500D65B30F20}.AppStore|iPhoneSimulator.ActiveCfg = Release|Any CPU
		{DFC49539-6A6E-4AD5-AE04-500D65B30F20}.AppStore|Mixed Platforms.ActiveCfg = Release|Any CPU
		{DFC49539-6A6E-4AD5-AE04-500D65B30F20}.AppStore|Mixed Platforms.Build.0 = Release|Any CPU
		{DFC49539-6A6E-4AD5-AE04-500D65B30F20}.AppStore|x64.ActiveCfg = Release|Any CPU
		{DFC49539-6A6E-4AD5-AE04-500D65B30F20}.AppStore|x86.ActiveCfg = Release|Any CPU
		{DFC49539-6A6E-4AD5-AE04-500D65B30F20}.Debug|Any CPU.ActiveCfg = Debug|Any CPU
		{DFC49539-6A6E-4AD5-AE04-500D65B30F20}.Debug|Any CPU.Build.0 = Debug|Any CPU
		{DFC49539-6A6E-4AD5-AE04-500D65B30F20}.Debug|ARM.ActiveCfg = Debug|Any CPU
		{DFC49539-6A6E-4AD5-AE04-500D65B30F20}.Debug|iPhone.ActiveCfg = Debug|Any CPU
		{DFC49539-6A6E-4AD5-AE04-500D65B30F20}.Debug|iPhoneSimulator.ActiveCfg = Debug|Any CPU
		{DFC49539-6A6E-4AD5-AE04-500D65B30F20}.Debug|Mixed Platforms.ActiveCfg = Debug|Any CPU
		{DFC49539-6A6E-4AD5-AE04-500D65B30F20}.Debug|Mixed Platforms.Build.0 = Debug|Any CPU
		{DFC49539-6A6E-4AD5-AE04-500D65B30F20}.Debug|x64.ActiveCfg = Debug|Any CPU
		{DFC49539-6A6E-4AD5-AE04-500D65B30F20}.Debug|x86.ActiveCfg = Debug|Any CPU
		{DFC49539-6A6E-4AD5-AE04-500D65B30F20}.Release|Any CPU.ActiveCfg = Release|Any CPU
		{DFC49539-6A6E-4AD5-AE04-500D65B30F20}.Release|Any CPU.Build.0 = Release|Any CPU
		{DFC49539-6A6E-4AD5-AE04-500D65B30F20}.Release|ARM.ActiveCfg = Release|Any CPU
		{DFC49539-6A6E-4AD5-AE04-500D65B30F20}.Release|iPhone.ActiveCfg = Release|Any CPU
		{DFC49539-6A6E-4AD5-AE04-500D65B30F20}.Release|iPhoneSimulator.ActiveCfg = Release|Any CPU
		{DFC49539-6A6E-4AD5-AE04-500D65B30F20}.Release|Mixed Platforms.ActiveCfg = Release|Any CPU
		{DFC49539-6A6E-4AD5-AE04-500D65B30F20}.Release|Mixed Platforms.Build.0 = Release|Any CPU
		{DFC49539-6A6E-4AD5-AE04-500D65B30F20}.Release|x64.ActiveCfg = Release|Any CPU
		{DFC49539-6A6E-4AD5-AE04-500D65B30F20}.Release|x86.ActiveCfg = Release|Any CPU
		{C598E2C2-E094-42B7-A8D7-BE83E1C72C86}.Ad-Hoc|Any CPU.ActiveCfg = Release|Any CPU
		{C598E2C2-E094-42B7-A8D7-BE83E1C72C86}.Ad-Hoc|Any CPU.Build.0 = Release|Any CPU
		{C598E2C2-E094-42B7-A8D7-BE83E1C72C86}.Ad-Hoc|ARM.ActiveCfg = Release|Any CPU
		{C598E2C2-E094-42B7-A8D7-BE83E1C72C86}.Ad-Hoc|iPhone.ActiveCfg = Release|Any CPU
		{C598E2C2-E094-42B7-A8D7-BE83E1C72C86}.Ad-Hoc|iPhoneSimulator.ActiveCfg = Release|Any CPU
		{C598E2C2-E094-42B7-A8D7-BE83E1C72C86}.Ad-Hoc|Mixed Platforms.ActiveCfg = Release|Any CPU
		{C598E2C2-E094-42B7-A8D7-BE83E1C72C86}.Ad-Hoc|Mixed Platforms.Build.0 = Release|Any CPU
		{C598E2C2-E094-42B7-A8D7-BE83E1C72C86}.Ad-Hoc|x64.ActiveCfg = Release|Any CPU
		{C598E2C2-E094-42B7-A8D7-BE83E1C72C86}.Ad-Hoc|x86.ActiveCfg = Release|Any CPU
		{C598E2C2-E094-42B7-A8D7-BE83E1C72C86}.AppStore|Any CPU.ActiveCfg = Release|Any CPU
		{C598E2C2-E094-42B7-A8D7-BE83E1C72C86}.AppStore|Any CPU.Build.0 = Release|Any CPU
		{C598E2C2-E094-42B7-A8D7-BE83E1C72C86}.AppStore|ARM.ActiveCfg = Release|Any CPU
		{C598E2C2-E094-42B7-A8D7-BE83E1C72C86}.AppStore|iPhone.ActiveCfg = Release|Any CPU
		{C598E2C2-E094-42B7-A8D7-BE83E1C72C86}.AppStore|iPhoneSimulator.ActiveCfg = Release|Any CPU
		{C598E2C2-E094-42B7-A8D7-BE83E1C72C86}.AppStore|Mixed Platforms.ActiveCfg = Release|Any CPU
		{C598E2C2-E094-42B7-A8D7-BE83E1C72C86}.AppStore|Mixed Platforms.Build.0 = Release|Any CPU
		{C598E2C2-E094-42B7-A8D7-BE83E1C72C86}.AppStore|x64.ActiveCfg = Release|Any CPU
		{C598E2C2-E094-42B7-A8D7-BE83E1C72C86}.AppStore|x86.ActiveCfg = Release|Any CPU
		{C598E2C2-E094-42B7-A8D7-BE83E1C72C86}.Debug|Any CPU.ActiveCfg = Debug|Any CPU
		{C598E2C2-E094-42B7-A8D7-BE83E1C72C86}.Debug|Any CPU.Build.0 = Debug|Any CPU
		{C598E2C2-E094-42B7-A8D7-BE83E1C72C86}.Debug|ARM.ActiveCfg = Debug|Any CPU
		{C598E2C2-E094-42B7-A8D7-BE83E1C72C86}.Debug|iPhone.ActiveCfg = Debug|Any CPU
		{C598E2C2-E094-42B7-A8D7-BE83E1C72C86}.Debug|iPhoneSimulator.ActiveCfg = Debug|Any CPU
		{C598E2C2-E094-42B7-A8D7-BE83E1C72C86}.Debug|Mixed Platforms.ActiveCfg = Debug|Any CPU
		{C598E2C2-E094-42B7-A8D7-BE83E1C72C86}.Debug|Mixed Platforms.Build.0 = Debug|Any CPU
		{C598E2C2-E094-42B7-A8D7-BE83E1C72C86}.Debug|x64.ActiveCfg = Debug|Any CPU
		{C598E2C2-E094-42B7-A8D7-BE83E1C72C86}.Debug|x86.ActiveCfg = Debug|Any CPU
		{C598E2C2-E094-42B7-A8D7-BE83E1C72C86}.Release|Any CPU.ActiveCfg = Release|Any CPU
		{C598E2C2-E094-42B7-A8D7-BE83E1C72C86}.Release|Any CPU.Build.0 = Release|Any CPU
		{C598E2C2-E094-42B7-A8D7-BE83E1C72C86}.Release|ARM.ActiveCfg = Release|Any CPU
		{C598E2C2-E094-42B7-A8D7-BE83E1C72C86}.Release|iPhone.ActiveCfg = Release|Any CPU
		{C598E2C2-E094-42B7-A8D7-BE83E1C72C86}.Release|iPhoneSimulator.ActiveCfg = Release|Any CPU
		{C598E2C2-E094-42B7-A8D7-BE83E1C72C86}.Release|Mixed Platforms.ActiveCfg = Release|Any CPU
		{C598E2C2-E094-42B7-A8D7-BE83E1C72C86}.Release|Mixed Platforms.Build.0 = Release|Any CPU
		{C598E2C2-E094-42B7-A8D7-BE83E1C72C86}.Release|x64.ActiveCfg = Release|Any CPU
		{C598E2C2-E094-42B7-A8D7-BE83E1C72C86}.Release|x86.ActiveCfg = Release|Any CPU
		{489617CC-3D48-4189-BAAE-06D08384F965}.Ad-Hoc|Any CPU.ActiveCfg = Release|Any CPU
		{489617CC-3D48-4189-BAAE-06D08384F965}.Ad-Hoc|Any CPU.Build.0 = Release|Any CPU
		{489617CC-3D48-4189-BAAE-06D08384F965}.Ad-Hoc|ARM.ActiveCfg = Release|ARM
		{489617CC-3D48-4189-BAAE-06D08384F965}.Ad-Hoc|ARM.Build.0 = Release|ARM
		{489617CC-3D48-4189-BAAE-06D08384F965}.Ad-Hoc|iPhone.ActiveCfg = Release|Any CPU
		{489617CC-3D48-4189-BAAE-06D08384F965}.Ad-Hoc|iPhoneSimulator.ActiveCfg = Release|Any CPU
		{489617CC-3D48-4189-BAAE-06D08384F965}.Ad-Hoc|Mixed Platforms.ActiveCfg = Release|x86
		{489617CC-3D48-4189-BAAE-06D08384F965}.Ad-Hoc|Mixed Platforms.Build.0 = Release|x86
		{489617CC-3D48-4189-BAAE-06D08384F965}.Ad-Hoc|x64.ActiveCfg = Release|x64
		{489617CC-3D48-4189-BAAE-06D08384F965}.Ad-Hoc|x64.Build.0 = Release|x64
		{489617CC-3D48-4189-BAAE-06D08384F965}.Ad-Hoc|x86.ActiveCfg = Release|x86
		{489617CC-3D48-4189-BAAE-06D08384F965}.Ad-Hoc|x86.Build.0 = Release|x86
		{489617CC-3D48-4189-BAAE-06D08384F965}.AppStore|Any CPU.ActiveCfg = Release|Any CPU
		{489617CC-3D48-4189-BAAE-06D08384F965}.AppStore|Any CPU.Build.0 = Release|Any CPU
		{489617CC-3D48-4189-BAAE-06D08384F965}.AppStore|ARM.ActiveCfg = Release|ARM
		{489617CC-3D48-4189-BAAE-06D08384F965}.AppStore|ARM.Build.0 = Release|ARM
		{489617CC-3D48-4189-BAAE-06D08384F965}.AppStore|iPhone.ActiveCfg = Release|Any CPU
		{489617CC-3D48-4189-BAAE-06D08384F965}.AppStore|iPhoneSimulator.ActiveCfg = Release|Any CPU
		{489617CC-3D48-4189-BAAE-06D08384F965}.AppStore|Mixed Platforms.ActiveCfg = Release|x86
		{489617CC-3D48-4189-BAAE-06D08384F965}.AppStore|Mixed Platforms.Build.0 = Release|x86
		{489617CC-3D48-4189-BAAE-06D08384F965}.AppStore|x64.ActiveCfg = Release|x64
		{489617CC-3D48-4189-BAAE-06D08384F965}.AppStore|x64.Build.0 = Release|x64
		{489617CC-3D48-4189-BAAE-06D08384F965}.AppStore|x86.ActiveCfg = Release|x86
		{489617CC-3D48-4189-BAAE-06D08384F965}.AppStore|x86.Build.0 = Release|x86
		{489617CC-3D48-4189-BAAE-06D08384F965}.Debug|Any CPU.ActiveCfg = Debug|Any CPU
		{489617CC-3D48-4189-BAAE-06D08384F965}.Debug|Any CPU.Build.0 = Debug|Any CPU
		{489617CC-3D48-4189-BAAE-06D08384F965}.Debug|ARM.ActiveCfg = Debug|ARM
		{489617CC-3D48-4189-BAAE-06D08384F965}.Debug|ARM.Build.0 = Debug|ARM
		{489617CC-3D48-4189-BAAE-06D08384F965}.Debug|iPhone.ActiveCfg = Debug|Any CPU
		{489617CC-3D48-4189-BAAE-06D08384F965}.Debug|iPhoneSimulator.ActiveCfg = Debug|Any CPU
		{489617CC-3D48-4189-BAAE-06D08384F965}.Debug|Mixed Platforms.ActiveCfg = Debug|x86
		{489617CC-3D48-4189-BAAE-06D08384F965}.Debug|Mixed Platforms.Build.0 = Debug|x86
		{489617CC-3D48-4189-BAAE-06D08384F965}.Debug|x64.ActiveCfg = Debug|x64
		{489617CC-3D48-4189-BAAE-06D08384F965}.Debug|x64.Build.0 = Debug|x64
		{489617CC-3D48-4189-BAAE-06D08384F965}.Debug|x86.ActiveCfg = Debug|x86
		{489617CC-3D48-4189-BAAE-06D08384F965}.Debug|x86.Build.0 = Debug|x86
		{489617CC-3D48-4189-BAAE-06D08384F965}.Release|Any CPU.ActiveCfg = Release|Any CPU
		{489617CC-3D48-4189-BAAE-06D08384F965}.Release|Any CPU.Build.0 = Release|Any CPU
		{489617CC-3D48-4189-BAAE-06D08384F965}.Release|ARM.ActiveCfg = Release|ARM
		{489617CC-3D48-4189-BAAE-06D08384F965}.Release|ARM.Build.0 = Release|ARM
		{489617CC-3D48-4189-BAAE-06D08384F965}.Release|iPhone.ActiveCfg = Release|Any CPU
		{489617CC-3D48-4189-BAAE-06D08384F965}.Release|iPhoneSimulator.ActiveCfg = Release|Any CPU
		{489617CC-3D48-4189-BAAE-06D08384F965}.Release|Mixed Platforms.ActiveCfg = Release|x86
		{489617CC-3D48-4189-BAAE-06D08384F965}.Release|Mixed Platforms.Build.0 = Release|x86
		{489617CC-3D48-4189-BAAE-06D08384F965}.Release|x64.ActiveCfg = Release|x64
		{489617CC-3D48-4189-BAAE-06D08384F965}.Release|x64.Build.0 = Release|x64
		{489617CC-3D48-4189-BAAE-06D08384F965}.Release|x86.ActiveCfg = Release|x86
		{489617CC-3D48-4189-BAAE-06D08384F965}.Release|x86.Build.0 = Release|x86
		{7B500905-DBAC-446D-BEEF-4D649544D43D}.Ad-Hoc|Any CPU.ActiveCfg = Ad-Hoc|iPhone
		{7B500905-DBAC-446D-BEEF-4D649544D43D}.Ad-Hoc|ARM.ActiveCfg = Ad-Hoc|iPhone
		{7B500905-DBAC-446D-BEEF-4D649544D43D}.Ad-Hoc|iPhone.ActiveCfg = Ad-Hoc|iPhone
		{7B500905-DBAC-446D-BEEF-4D649544D43D}.Ad-Hoc|iPhone.Build.0 = Ad-Hoc|iPhone
		{7B500905-DBAC-446D-BEEF-4D649544D43D}.Ad-Hoc|iPhoneSimulator.ActiveCfg = Ad-Hoc|iPhoneSimulator
		{7B500905-DBAC-446D-BEEF-4D649544D43D}.Ad-Hoc|iPhoneSimulator.Build.0 = Ad-Hoc|iPhoneSimulator
		{7B500905-DBAC-446D-BEEF-4D649544D43D}.Ad-Hoc|Mixed Platforms.ActiveCfg = Ad-Hoc|iPhone
		{7B500905-DBAC-446D-BEEF-4D649544D43D}.Ad-Hoc|Mixed Platforms.Build.0 = Ad-Hoc|iPhone
		{7B500905-DBAC-446D-BEEF-4D649544D43D}.Ad-Hoc|x64.ActiveCfg = Ad-Hoc|iPhone
		{7B500905-DBAC-446D-BEEF-4D649544D43D}.Ad-Hoc|x86.ActiveCfg = Ad-Hoc|iPhone
		{7B500905-DBAC-446D-BEEF-4D649544D43D}.AppStore|Any CPU.ActiveCfg = AppStore|iPhone
		{7B500905-DBAC-446D-BEEF-4D649544D43D}.AppStore|ARM.ActiveCfg = AppStore|iPhone
		{7B500905-DBAC-446D-BEEF-4D649544D43D}.AppStore|iPhone.ActiveCfg = AppStore|iPhone
		{7B500905-DBAC-446D-BEEF-4D649544D43D}.AppStore|iPhone.Build.0 = AppStore|iPhone
		{7B500905-DBAC-446D-BEEF-4D649544D43D}.AppStore|iPhoneSimulator.ActiveCfg = AppStore|iPhoneSimulator
		{7B500905-DBAC-446D-BEEF-4D649544D43D}.AppStore|iPhoneSimulator.Build.0 = AppStore|iPhoneSimulator
		{7B500905-DBAC-446D-BEEF-4D649544D43D}.AppStore|Mixed Platforms.ActiveCfg = AppStore|iPhone
		{7B500905-DBAC-446D-BEEF-4D649544D43D}.AppStore|Mixed Platforms.Build.0 = AppStore|iPhone
		{7B500905-DBAC-446D-BEEF-4D649544D43D}.AppStore|x64.ActiveCfg = AppStore|iPhone
		{7B500905-DBAC-446D-BEEF-4D649544D43D}.AppStore|x86.ActiveCfg = AppStore|iPhone
		{7B500905-DBAC-446D-BEEF-4D649544D43D}.Debug|Any CPU.ActiveCfg = Debug|iPhone
		{7B500905-DBAC-446D-BEEF-4D649544D43D}.Debug|ARM.ActiveCfg = Debug|iPhone
		{7B500905-DBAC-446D-BEEF-4D649544D43D}.Debug|iPhone.ActiveCfg = Debug|iPhone
		{7B500905-DBAC-446D-BEEF-4D649544D43D}.Debug|iPhone.Build.0 = Debug|iPhone
		{7B500905-DBAC-446D-BEEF-4D649544D43D}.Debug|iPhoneSimulator.ActiveCfg = Debug|iPhoneSimulator
		{7B500905-DBAC-446D-BEEF-4D649544D43D}.Debug|iPhoneSimulator.Build.0 = Debug|iPhoneSimulator
		{7B500905-DBAC-446D-BEEF-4D649544D43D}.Debug|Mixed Platforms.ActiveCfg = Debug|iPhone
		{7B500905-DBAC-446D-BEEF-4D649544D43D}.Debug|Mixed Platforms.Build.0 = Debug|iPhone
		{7B500905-DBAC-446D-BEEF-4D649544D43D}.Debug|x64.ActiveCfg = Debug|iPhone
		{7B500905-DBAC-446D-BEEF-4D649544D43D}.Debug|x86.ActiveCfg = Debug|iPhone
		{7B500905-DBAC-446D-BEEF-4D649544D43D}.Release|Any CPU.ActiveCfg = Release|iPhone
		{7B500905-DBAC-446D-BEEF-4D649544D43D}.Release|Any CPU.Build.0 = Release|iPhone
		{7B500905-DBAC-446D-BEEF-4D649544D43D}.Release|ARM.ActiveCfg = Release|iPhone
		{7B500905-DBAC-446D-BEEF-4D649544D43D}.Release|iPhone.ActiveCfg = Release|iPhone
		{7B500905-DBAC-446D-BEEF-4D649544D43D}.Release|iPhone.Build.0 = Release|iPhone
		{7B500905-DBAC-446D-BEEF-4D649544D43D}.Release|iPhoneSimulator.ActiveCfg = Release|iPhoneSimulator
		{7B500905-DBAC-446D-BEEF-4D649544D43D}.Release|iPhoneSimulator.Build.0 = Release|iPhoneSimulator
		{7B500905-DBAC-446D-BEEF-4D649544D43D}.Release|Mixed Platforms.ActiveCfg = Release|iPhone
		{7B500905-DBAC-446D-BEEF-4D649544D43D}.Release|Mixed Platforms.Build.0 = Release|iPhone
		{7B500905-DBAC-446D-BEEF-4D649544D43D}.Release|x64.ActiveCfg = Release|iPhone
		{7B500905-DBAC-446D-BEEF-4D649544D43D}.Release|x86.ActiveCfg = Release|iPhone
		{EC4D7E89-74D3-4D15-85FE-5EC0CB647964}.Ad-Hoc|Any CPU.ActiveCfg = Release|Any CPU
		{EC4D7E89-74D3-4D15-85FE-5EC0CB647964}.Ad-Hoc|Any CPU.Build.0 = Release|Any CPU
		{EC4D7E89-74D3-4D15-85FE-5EC0CB647964}.Ad-Hoc|ARM.ActiveCfg = Release|Any CPU
		{EC4D7E89-74D3-4D15-85FE-5EC0CB647964}.Ad-Hoc|iPhone.ActiveCfg = Release|Any CPU
		{EC4D7E89-74D3-4D15-85FE-5EC0CB647964}.Ad-Hoc|iPhoneSimulator.ActiveCfg = Release|Any CPU
		{EC4D7E89-74D3-4D15-85FE-5EC0CB647964}.Ad-Hoc|Mixed Platforms.ActiveCfg = Release|Any CPU
		{EC4D7E89-74D3-4D15-85FE-5EC0CB647964}.Ad-Hoc|Mixed Platforms.Build.0 = Release|Any CPU
		{EC4D7E89-74D3-4D15-85FE-5EC0CB647964}.Ad-Hoc|x64.ActiveCfg = Release|Any CPU
		{EC4D7E89-74D3-4D15-85FE-5EC0CB647964}.Ad-Hoc|x86.ActiveCfg = Release|Any CPU
		{EC4D7E89-74D3-4D15-85FE-5EC0CB647964}.AppStore|Any CPU.ActiveCfg = Release|Any CPU
		{EC4D7E89-74D3-4D15-85FE-5EC0CB647964}.AppStore|Any CPU.Build.0 = Release|Any CPU
		{EC4D7E89-74D3-4D15-85FE-5EC0CB647964}.AppStore|ARM.ActiveCfg = Release|Any CPU
		{EC4D7E89-74D3-4D15-85FE-5EC0CB647964}.AppStore|iPhone.ActiveCfg = Release|Any CPU
		{EC4D7E89-74D3-4D15-85FE-5EC0CB647964}.AppStore|iPhoneSimulator.ActiveCfg = Release|Any CPU
		{EC4D7E89-74D3-4D15-85FE-5EC0CB647964}.AppStore|Mixed Platforms.ActiveCfg = Release|Any CPU
		{EC4D7E89-74D3-4D15-85FE-5EC0CB647964}.AppStore|Mixed Platforms.Build.0 = Release|Any CPU
		{EC4D7E89-74D3-4D15-85FE-5EC0CB647964}.AppStore|x64.ActiveCfg = Release|Any CPU
		{EC4D7E89-74D3-4D15-85FE-5EC0CB647964}.AppStore|x86.ActiveCfg = Release|Any CPU
		{EC4D7E89-74D3-4D15-85FE-5EC0CB647964}.Debug|Any CPU.ActiveCfg = Debug|Any CPU
		{EC4D7E89-74D3-4D15-85FE-5EC0CB647964}.Debug|Any CPU.Build.0 = Debug|Any CPU
		{EC4D7E89-74D3-4D15-85FE-5EC0CB647964}.Debug|ARM.ActiveCfg = Debug|Any CPU
		{EC4D7E89-74D3-4D15-85FE-5EC0CB647964}.Debug|iPhone.ActiveCfg = Debug|Any CPU
		{EC4D7E89-74D3-4D15-85FE-5EC0CB647964}.Debug|iPhoneSimulator.ActiveCfg = Debug|Any CPU
		{EC4D7E89-74D3-4D15-85FE-5EC0CB647964}.Debug|Mixed Platforms.ActiveCfg = Debug|Any CPU
		{EC4D7E89-74D3-4D15-85FE-5EC0CB647964}.Debug|Mixed Platforms.Build.0 = Debug|Any CPU
		{EC4D7E89-74D3-4D15-85FE-5EC0CB647964}.Debug|x64.ActiveCfg = Debug|Any CPU
		{EC4D7E89-74D3-4D15-85FE-5EC0CB647964}.Debug|x86.ActiveCfg = Debug|Any CPU
		{EC4D7E89-74D3-4D15-85FE-5EC0CB647964}.Release|Any CPU.ActiveCfg = Release|Any CPU
		{EC4D7E89-74D3-4D15-85FE-5EC0CB647964}.Release|Any CPU.Build.0 = Release|Any CPU
		{EC4D7E89-74D3-4D15-85FE-5EC0CB647964}.Release|ARM.ActiveCfg = Release|Any CPU
		{EC4D7E89-74D3-4D15-85FE-5EC0CB647964}.Release|iPhone.ActiveCfg = Release|Any CPU
		{EC4D7E89-74D3-4D15-85FE-5EC0CB647964}.Release|iPhoneSimulator.ActiveCfg = Release|Any CPU
		{EC4D7E89-74D3-4D15-85FE-5EC0CB647964}.Release|Mixed Platforms.ActiveCfg = Release|Any CPU
		{EC4D7E89-74D3-4D15-85FE-5EC0CB647964}.Release|Mixed Platforms.Build.0 = Release|Any CPU
		{EC4D7E89-74D3-4D15-85FE-5EC0CB647964}.Release|x64.ActiveCfg = Release|Any CPU
		{EC4D7E89-74D3-4D15-85FE-5EC0CB647964}.Release|x86.ActiveCfg = Release|Any CPU
		{012DB1DD-E357-43A3-BC20-24FDED43159E}.Ad-Hoc|Any CPU.ActiveCfg = Release|Any CPU
		{012DB1DD-E357-43A3-BC20-24FDED43159E}.Ad-Hoc|Any CPU.Build.0 = Release|Any CPU
		{012DB1DD-E357-43A3-BC20-24FDED43159E}.Ad-Hoc|ARM.ActiveCfg = Release|ARM
		{012DB1DD-E357-43A3-BC20-24FDED43159E}.Ad-Hoc|ARM.Build.0 = Release|ARM
		{012DB1DD-E357-43A3-BC20-24FDED43159E}.Ad-Hoc|iPhone.ActiveCfg = Release|Any CPU
		{012DB1DD-E357-43A3-BC20-24FDED43159E}.Ad-Hoc|iPhoneSimulator.ActiveCfg = Release|Any CPU
		{012DB1DD-E357-43A3-BC20-24FDED43159E}.Ad-Hoc|Mixed Platforms.ActiveCfg = Release|x86
		{012DB1DD-E357-43A3-BC20-24FDED43159E}.Ad-Hoc|Mixed Platforms.Build.0 = Release|x86
		{012DB1DD-E357-43A3-BC20-24FDED43159E}.Ad-Hoc|x64.ActiveCfg = Release|Any CPU
		{012DB1DD-E357-43A3-BC20-24FDED43159E}.Ad-Hoc|x86.ActiveCfg = Release|x86
		{012DB1DD-E357-43A3-BC20-24FDED43159E}.Ad-Hoc|x86.Build.0 = Release|x86
		{012DB1DD-E357-43A3-BC20-24FDED43159E}.AppStore|Any CPU.ActiveCfg = Release|Any CPU
		{012DB1DD-E357-43A3-BC20-24FDED43159E}.AppStore|Any CPU.Build.0 = Release|Any CPU
		{012DB1DD-E357-43A3-BC20-24FDED43159E}.AppStore|ARM.ActiveCfg = Release|ARM
		{012DB1DD-E357-43A3-BC20-24FDED43159E}.AppStore|ARM.Build.0 = Release|ARM
		{012DB1DD-E357-43A3-BC20-24FDED43159E}.AppStore|iPhone.ActiveCfg = Release|Any CPU
		{012DB1DD-E357-43A3-BC20-24FDED43159E}.AppStore|iPhoneSimulator.ActiveCfg = Release|Any CPU
		{012DB1DD-E357-43A3-BC20-24FDED43159E}.AppStore|Mixed Platforms.ActiveCfg = Release|x86
		{012DB1DD-E357-43A3-BC20-24FDED43159E}.AppStore|Mixed Platforms.Build.0 = Release|x86
		{012DB1DD-E357-43A3-BC20-24FDED43159E}.AppStore|x64.ActiveCfg = Release|Any CPU
		{012DB1DD-E357-43A3-BC20-24FDED43159E}.AppStore|x86.ActiveCfg = Release|x86
		{012DB1DD-E357-43A3-BC20-24FDED43159E}.AppStore|x86.Build.0 = Release|x86
		{012DB1DD-E357-43A3-BC20-24FDED43159E}.Debug|Any CPU.ActiveCfg = Debug|Any CPU
		{012DB1DD-E357-43A3-BC20-24FDED43159E}.Debug|Any CPU.Build.0 = Debug|Any CPU
		{012DB1DD-E357-43A3-BC20-24FDED43159E}.Debug|ARM.ActiveCfg = Debug|ARM
		{012DB1DD-E357-43A3-BC20-24FDED43159E}.Debug|ARM.Build.0 = Debug|ARM
		{012DB1DD-E357-43A3-BC20-24FDED43159E}.Debug|iPhone.ActiveCfg = Debug|Any CPU
		{012DB1DD-E357-43A3-BC20-24FDED43159E}.Debug|iPhoneSimulator.ActiveCfg = Debug|Any CPU
		{012DB1DD-E357-43A3-BC20-24FDED43159E}.Debug|Mixed Platforms.ActiveCfg = Debug|x86
		{012DB1DD-E357-43A3-BC20-24FDED43159E}.Debug|Mixed Platforms.Build.0 = Debug|x86
		{012DB1DD-E357-43A3-BC20-24FDED43159E}.Debug|x64.ActiveCfg = Debug|Any CPU
		{012DB1DD-E357-43A3-BC20-24FDED43159E}.Debug|x86.ActiveCfg = Debug|x86
		{012DB1DD-E357-43A3-BC20-24FDED43159E}.Debug|x86.Build.0 = Debug|x86
		{012DB1DD-E357-43A3-BC20-24FDED43159E}.Release|Any CPU.ActiveCfg = Release|Any CPU
		{012DB1DD-E357-43A3-BC20-24FDED43159E}.Release|Any CPU.Build.0 = Release|Any CPU
		{012DB1DD-E357-43A3-BC20-24FDED43159E}.Release|ARM.ActiveCfg = Release|ARM
		{012DB1DD-E357-43A3-BC20-24FDED43159E}.Release|ARM.Build.0 = Release|ARM
		{012DB1DD-E357-43A3-BC20-24FDED43159E}.Release|iPhone.ActiveCfg = Release|Any CPU
		{012DB1DD-E357-43A3-BC20-24FDED43159E}.Release|iPhoneSimulator.ActiveCfg = Release|Any CPU
		{012DB1DD-E357-43A3-BC20-24FDED43159E}.Release|Mixed Platforms.ActiveCfg = Release|x86
		{012DB1DD-E357-43A3-BC20-24FDED43159E}.Release|Mixed Platforms.Build.0 = Release|x86
		{012DB1DD-E357-43A3-BC20-24FDED43159E}.Release|x64.ActiveCfg = Release|Any CPU
		{012DB1DD-E357-43A3-BC20-24FDED43159E}.Release|x86.ActiveCfg = Release|x86
		{012DB1DD-E357-43A3-BC20-24FDED43159E}.Release|x86.Build.0 = Release|x86
		{7194FCEA-1666-4F05-B25F-BA01DC18D965}.Ad-Hoc|Any CPU.ActiveCfg = Release|Any CPU
		{7194FCEA-1666-4F05-B25F-BA01DC18D965}.Ad-Hoc|Any CPU.Build.0 = Release|Any CPU
		{7194FCEA-1666-4F05-B25F-BA01DC18D965}.Ad-Hoc|Any CPU.Deploy.0 = Release|Any CPU
		{7194FCEA-1666-4F05-B25F-BA01DC18D965}.Ad-Hoc|ARM.ActiveCfg = Release|ARM
		{7194FCEA-1666-4F05-B25F-BA01DC18D965}.Ad-Hoc|ARM.Build.0 = Release|ARM
		{7194FCEA-1666-4F05-B25F-BA01DC18D965}.Ad-Hoc|ARM.Deploy.0 = Release|ARM
		{7194FCEA-1666-4F05-B25F-BA01DC18D965}.Ad-Hoc|iPhone.ActiveCfg = Release|Any CPU
		{7194FCEA-1666-4F05-B25F-BA01DC18D965}.Ad-Hoc|iPhoneSimulator.ActiveCfg = Release|Any CPU
		{7194FCEA-1666-4F05-B25F-BA01DC18D965}.Ad-Hoc|Mixed Platforms.ActiveCfg = Release|x86
		{7194FCEA-1666-4F05-B25F-BA01DC18D965}.Ad-Hoc|Mixed Platforms.Build.0 = Release|x86
		{7194FCEA-1666-4F05-B25F-BA01DC18D965}.Ad-Hoc|Mixed Platforms.Deploy.0 = Release|x86
		{7194FCEA-1666-4F05-B25F-BA01DC18D965}.Ad-Hoc|x64.ActiveCfg = Release|Any CPU
		{7194FCEA-1666-4F05-B25F-BA01DC18D965}.Ad-Hoc|x86.ActiveCfg = Release|x86
		{7194FCEA-1666-4F05-B25F-BA01DC18D965}.Ad-Hoc|x86.Build.0 = Release|x86
		{7194FCEA-1666-4F05-B25F-BA01DC18D965}.Ad-Hoc|x86.Deploy.0 = Release|x86
		{7194FCEA-1666-4F05-B25F-BA01DC18D965}.AppStore|Any CPU.ActiveCfg = Release|Any CPU
		{7194FCEA-1666-4F05-B25F-BA01DC18D965}.AppStore|Any CPU.Build.0 = Release|Any CPU
		{7194FCEA-1666-4F05-B25F-BA01DC18D965}.AppStore|Any CPU.Deploy.0 = Release|Any CPU
		{7194FCEA-1666-4F05-B25F-BA01DC18D965}.AppStore|ARM.ActiveCfg = Release|ARM
		{7194FCEA-1666-4F05-B25F-BA01DC18D965}.AppStore|ARM.Build.0 = Release|ARM
		{7194FCEA-1666-4F05-B25F-BA01DC18D965}.AppStore|ARM.Deploy.0 = Release|ARM
		{7194FCEA-1666-4F05-B25F-BA01DC18D965}.AppStore|iPhone.ActiveCfg = Release|Any CPU
		{7194FCEA-1666-4F05-B25F-BA01DC18D965}.AppStore|iPhoneSimulator.ActiveCfg = Release|Any CPU
		{7194FCEA-1666-4F05-B25F-BA01DC18D965}.AppStore|Mixed Platforms.ActiveCfg = Release|x86
		{7194FCEA-1666-4F05-B25F-BA01DC18D965}.AppStore|Mixed Platforms.Build.0 = Release|x86
		{7194FCEA-1666-4F05-B25F-BA01DC18D965}.AppStore|Mixed Platforms.Deploy.0 = Release|x86
		{7194FCEA-1666-4F05-B25F-BA01DC18D965}.AppStore|x64.ActiveCfg = Release|Any CPU
		{7194FCEA-1666-4F05-B25F-BA01DC18D965}.AppStore|x86.ActiveCfg = Release|x86
		{7194FCEA-1666-4F05-B25F-BA01DC18D965}.AppStore|x86.Build.0 = Release|x86
		{7194FCEA-1666-4F05-B25F-BA01DC18D965}.AppStore|x86.Deploy.0 = Release|x86
		{7194FCEA-1666-4F05-B25F-BA01DC18D965}.Debug|Any CPU.ActiveCfg = Debug|Any CPU
		{7194FCEA-1666-4F05-B25F-BA01DC18D965}.Debug|Any CPU.Build.0 = Debug|Any CPU
		{7194FCEA-1666-4F05-B25F-BA01DC18D965}.Debug|Any CPU.Deploy.0 = Debug|Any CPU
		{7194FCEA-1666-4F05-B25F-BA01DC18D965}.Debug|ARM.ActiveCfg = Debug|ARM
		{7194FCEA-1666-4F05-B25F-BA01DC18D965}.Debug|ARM.Build.0 = Debug|ARM
		{7194FCEA-1666-4F05-B25F-BA01DC18D965}.Debug|ARM.Deploy.0 = Debug|ARM
		{7194FCEA-1666-4F05-B25F-BA01DC18D965}.Debug|iPhone.ActiveCfg = Debug|Any CPU
		{7194FCEA-1666-4F05-B25F-BA01DC18D965}.Debug|iPhoneSimulator.ActiveCfg = Debug|Any CPU
		{7194FCEA-1666-4F05-B25F-BA01DC18D965}.Debug|Mixed Platforms.ActiveCfg = Debug|x86
		{7194FCEA-1666-4F05-B25F-BA01DC18D965}.Debug|Mixed Platforms.Build.0 = Debug|x86
		{7194FCEA-1666-4F05-B25F-BA01DC18D965}.Debug|Mixed Platforms.Deploy.0 = Debug|x86
		{7194FCEA-1666-4F05-B25F-BA01DC18D965}.Debug|x64.ActiveCfg = Debug|Any CPU
		{7194FCEA-1666-4F05-B25F-BA01DC18D965}.Debug|x86.ActiveCfg = Debug|x86
		{7194FCEA-1666-4F05-B25F-BA01DC18D965}.Debug|x86.Build.0 = Debug|x86
		{7194FCEA-1666-4F05-B25F-BA01DC18D965}.Debug|x86.Deploy.0 = Debug|x86
		{7194FCEA-1666-4F05-B25F-BA01DC18D965}.Release|Any CPU.ActiveCfg = Release|x86
		{7194FCEA-1666-4F05-B25F-BA01DC18D965}.Release|Any CPU.Build.0 = Release|x86
		{7194FCEA-1666-4F05-B25F-BA01DC18D965}.Release|Any CPU.Deploy.0 = Release|x86
		{7194FCEA-1666-4F05-B25F-BA01DC18D965}.Release|ARM.ActiveCfg = Release|ARM
		{7194FCEA-1666-4F05-B25F-BA01DC18D965}.Release|ARM.Build.0 = Release|ARM
		{7194FCEA-1666-4F05-B25F-BA01DC18D965}.Release|ARM.Deploy.0 = Release|ARM
		{7194FCEA-1666-4F05-B25F-BA01DC18D965}.Release|iPhone.ActiveCfg = Release|Any CPU
		{7194FCEA-1666-4F05-B25F-BA01DC18D965}.Release|iPhoneSimulator.ActiveCfg = Release|Any CPU
		{7194FCEA-1666-4F05-B25F-BA01DC18D965}.Release|Mixed Platforms.ActiveCfg = Release|x86
		{7194FCEA-1666-4F05-B25F-BA01DC18D965}.Release|Mixed Platforms.Build.0 = Release|x86
		{7194FCEA-1666-4F05-B25F-BA01DC18D965}.Release|Mixed Platforms.Deploy.0 = Release|x86
		{7194FCEA-1666-4F05-B25F-BA01DC18D965}.Release|x64.ActiveCfg = Release|Any CPU
		{7194FCEA-1666-4F05-B25F-BA01DC18D965}.Release|x86.ActiveCfg = Release|x86
		{7194FCEA-1666-4F05-B25F-BA01DC18D965}.Release|x86.Build.0 = Release|x86
		{7194FCEA-1666-4F05-B25F-BA01DC18D965}.Release|x86.Deploy.0 = Release|x86
		{928A9F08-3EB3-4790-A9C5-415AA819EA7F}.Ad-Hoc|Any CPU.ActiveCfg = Release|Any CPU
		{928A9F08-3EB3-4790-A9C5-415AA819EA7F}.Ad-Hoc|Any CPU.Build.0 = Release|Any CPU
		{928A9F08-3EB3-4790-A9C5-415AA819EA7F}.Ad-Hoc|Any CPU.Deploy.0 = Release|Any CPU
		{928A9F08-3EB3-4790-A9C5-415AA819EA7F}.Ad-Hoc|ARM.ActiveCfg = Release|ARM
		{928A9F08-3EB3-4790-A9C5-415AA819EA7F}.Ad-Hoc|ARM.Build.0 = Release|ARM
		{928A9F08-3EB3-4790-A9C5-415AA819EA7F}.Ad-Hoc|ARM.Deploy.0 = Release|ARM
		{928A9F08-3EB3-4790-A9C5-415AA819EA7F}.Ad-Hoc|iPhone.ActiveCfg = Release|Any CPU
		{928A9F08-3EB3-4790-A9C5-415AA819EA7F}.Ad-Hoc|iPhoneSimulator.ActiveCfg = Release|Any CPU
		{928A9F08-3EB3-4790-A9C5-415AA819EA7F}.Ad-Hoc|Mixed Platforms.ActiveCfg = Release|x86
		{928A9F08-3EB3-4790-A9C5-415AA819EA7F}.Ad-Hoc|Mixed Platforms.Build.0 = Release|x86
		{928A9F08-3EB3-4790-A9C5-415AA819EA7F}.Ad-Hoc|Mixed Platforms.Deploy.0 = Release|x86
		{928A9F08-3EB3-4790-A9C5-415AA819EA7F}.Ad-Hoc|x64.ActiveCfg = Release|Any CPU
		{928A9F08-3EB3-4790-A9C5-415AA819EA7F}.Ad-Hoc|x86.ActiveCfg = Release|x86
		{928A9F08-3EB3-4790-A9C5-415AA819EA7F}.Ad-Hoc|x86.Build.0 = Release|x86
		{928A9F08-3EB3-4790-A9C5-415AA819EA7F}.Ad-Hoc|x86.Deploy.0 = Release|x86
		{928A9F08-3EB3-4790-A9C5-415AA819EA7F}.AppStore|Any CPU.ActiveCfg = Release|Any CPU
		{928A9F08-3EB3-4790-A9C5-415AA819EA7F}.AppStore|Any CPU.Build.0 = Release|Any CPU
		{928A9F08-3EB3-4790-A9C5-415AA819EA7F}.AppStore|Any CPU.Deploy.0 = Release|Any CPU
		{928A9F08-3EB3-4790-A9C5-415AA819EA7F}.AppStore|ARM.ActiveCfg = Release|ARM
		{928A9F08-3EB3-4790-A9C5-415AA819EA7F}.AppStore|ARM.Build.0 = Release|ARM
		{928A9F08-3EB3-4790-A9C5-415AA819EA7F}.AppStore|ARM.Deploy.0 = Release|ARM
		{928A9F08-3EB3-4790-A9C5-415AA819EA7F}.AppStore|iPhone.ActiveCfg = Release|Any CPU
		{928A9F08-3EB3-4790-A9C5-415AA819EA7F}.AppStore|iPhoneSimulator.ActiveCfg = Release|Any CPU
		{928A9F08-3EB3-4790-A9C5-415AA819EA7F}.AppStore|Mixed Platforms.ActiveCfg = Release|x86
		{928A9F08-3EB3-4790-A9C5-415AA819EA7F}.AppStore|Mixed Platforms.Build.0 = Release|x86
		{928A9F08-3EB3-4790-A9C5-415AA819EA7F}.AppStore|Mixed Platforms.Deploy.0 = Release|x86
		{928A9F08-3EB3-4790-A9C5-415AA819EA7F}.AppStore|x64.ActiveCfg = Release|Any CPU
		{928A9F08-3EB3-4790-A9C5-415AA819EA7F}.AppStore|x86.ActiveCfg = Release|x86
		{928A9F08-3EB3-4790-A9C5-415AA819EA7F}.AppStore|x86.Build.0 = Release|x86
		{928A9F08-3EB3-4790-A9C5-415AA819EA7F}.AppStore|x86.Deploy.0 = Release|x86
		{928A9F08-3EB3-4790-A9C5-415AA819EA7F}.Debug|Any CPU.ActiveCfg = Debug|Any CPU
		{928A9F08-3EB3-4790-A9C5-415AA819EA7F}.Debug|Any CPU.Build.0 = Debug|Any CPU
		{928A9F08-3EB3-4790-A9C5-415AA819EA7F}.Debug|Any CPU.Deploy.0 = Debug|Any CPU
		{928A9F08-3EB3-4790-A9C5-415AA819EA7F}.Debug|ARM.ActiveCfg = Debug|ARM
		{928A9F08-3EB3-4790-A9C5-415AA819EA7F}.Debug|ARM.Build.0 = Debug|ARM
		{928A9F08-3EB3-4790-A9C5-415AA819EA7F}.Debug|ARM.Deploy.0 = Debug|ARM
		{928A9F08-3EB3-4790-A9C5-415AA819EA7F}.Debug|iPhone.ActiveCfg = Debug|Any CPU
		{928A9F08-3EB3-4790-A9C5-415AA819EA7F}.Debug|iPhoneSimulator.ActiveCfg = Debug|Any CPU
		{928A9F08-3EB3-4790-A9C5-415AA819EA7F}.Debug|Mixed Platforms.ActiveCfg = Debug|x86
		{928A9F08-3EB3-4790-A9C5-415AA819EA7F}.Debug|Mixed Platforms.Build.0 = Debug|x86
		{928A9F08-3EB3-4790-A9C5-415AA819EA7F}.Debug|Mixed Platforms.Deploy.0 = Debug|x86
		{928A9F08-3EB3-4790-A9C5-415AA819EA7F}.Debug|x64.ActiveCfg = Debug|Any CPU
		{928A9F08-3EB3-4790-A9C5-415AA819EA7F}.Debug|x86.ActiveCfg = Debug|x86
		{928A9F08-3EB3-4790-A9C5-415AA819EA7F}.Debug|x86.Build.0 = Debug|x86
		{928A9F08-3EB3-4790-A9C5-415AA819EA7F}.Debug|x86.Deploy.0 = Debug|x86
		{928A9F08-3EB3-4790-A9C5-415AA819EA7F}.Release|Any CPU.ActiveCfg = Release|Any CPU
		{928A9F08-3EB3-4790-A9C5-415AA819EA7F}.Release|Any CPU.Build.0 = Release|Any CPU
		{928A9F08-3EB3-4790-A9C5-415AA819EA7F}.Release|Any CPU.Deploy.0 = Release|Any CPU
		{928A9F08-3EB3-4790-A9C5-415AA819EA7F}.Release|ARM.ActiveCfg = Release|ARM
		{928A9F08-3EB3-4790-A9C5-415AA819EA7F}.Release|ARM.Build.0 = Release|ARM
		{928A9F08-3EB3-4790-A9C5-415AA819EA7F}.Release|ARM.Deploy.0 = Release|ARM
		{928A9F08-3EB3-4790-A9C5-415AA819EA7F}.Release|iPhone.ActiveCfg = Release|Any CPU
		{928A9F08-3EB3-4790-A9C5-415AA819EA7F}.Release|iPhoneSimulator.ActiveCfg = Release|Any CPU
		{928A9F08-3EB3-4790-A9C5-415AA819EA7F}.Release|Mixed Platforms.ActiveCfg = Release|x86
		{928A9F08-3EB3-4790-A9C5-415AA819EA7F}.Release|Mixed Platforms.Build.0 = Release|x86
		{928A9F08-3EB3-4790-A9C5-415AA819EA7F}.Release|Mixed Platforms.Deploy.0 = Release|x86
		{928A9F08-3EB3-4790-A9C5-415AA819EA7F}.Release|x64.ActiveCfg = Release|Any CPU
		{928A9F08-3EB3-4790-A9C5-415AA819EA7F}.Release|x86.ActiveCfg = Release|x86
		{928A9F08-3EB3-4790-A9C5-415AA819EA7F}.Release|x86.Build.0 = Release|x86
		{928A9F08-3EB3-4790-A9C5-415AA819EA7F}.Release|x86.Deploy.0 = Release|x86
		{1BC76F5F-5871-4042-81D1-6A5E1CE7C495}.Ad-Hoc|Any CPU.ActiveCfg = Release|Any CPU
		{1BC76F5F-5871-4042-81D1-6A5E1CE7C495}.Ad-Hoc|Any CPU.Build.0 = Release|Any CPU
		{1BC76F5F-5871-4042-81D1-6A5E1CE7C495}.Ad-Hoc|Any CPU.Deploy.0 = Release|Any CPU
		{1BC76F5F-5871-4042-81D1-6A5E1CE7C495}.Ad-Hoc|ARM.ActiveCfg = Release|ARM
		{1BC76F5F-5871-4042-81D1-6A5E1CE7C495}.Ad-Hoc|ARM.Build.0 = Release|ARM
		{1BC76F5F-5871-4042-81D1-6A5E1CE7C495}.Ad-Hoc|ARM.Deploy.0 = Release|ARM
		{1BC76F5F-5871-4042-81D1-6A5E1CE7C495}.Ad-Hoc|iPhone.ActiveCfg = Release|Any CPU
		{1BC76F5F-5871-4042-81D1-6A5E1CE7C495}.Ad-Hoc|iPhoneSimulator.ActiveCfg = Release|Any CPU
		{1BC76F5F-5871-4042-81D1-6A5E1CE7C495}.Ad-Hoc|Mixed Platforms.ActiveCfg = Release|x86
		{1BC76F5F-5871-4042-81D1-6A5E1CE7C495}.Ad-Hoc|Mixed Platforms.Build.0 = Release|x86
		{1BC76F5F-5871-4042-81D1-6A5E1CE7C495}.Ad-Hoc|Mixed Platforms.Deploy.0 = Release|x86
		{1BC76F5F-5871-4042-81D1-6A5E1CE7C495}.Ad-Hoc|x64.ActiveCfg = Release|x64
		{1BC76F5F-5871-4042-81D1-6A5E1CE7C495}.Ad-Hoc|x64.Build.0 = Release|x64
		{1BC76F5F-5871-4042-81D1-6A5E1CE7C495}.Ad-Hoc|x64.Deploy.0 = Release|x64
		{1BC76F5F-5871-4042-81D1-6A5E1CE7C495}.Ad-Hoc|x86.ActiveCfg = Release|x86
		{1BC76F5F-5871-4042-81D1-6A5E1CE7C495}.Ad-Hoc|x86.Build.0 = Release|x86
		{1BC76F5F-5871-4042-81D1-6A5E1CE7C495}.Ad-Hoc|x86.Deploy.0 = Release|x86
		{1BC76F5F-5871-4042-81D1-6A5E1CE7C495}.AppStore|Any CPU.ActiveCfg = Release|Any CPU
		{1BC76F5F-5871-4042-81D1-6A5E1CE7C495}.AppStore|Any CPU.Build.0 = Release|Any CPU
		{1BC76F5F-5871-4042-81D1-6A5E1CE7C495}.AppStore|Any CPU.Deploy.0 = Release|Any CPU
		{1BC76F5F-5871-4042-81D1-6A5E1CE7C495}.AppStore|ARM.ActiveCfg = Release|ARM
		{1BC76F5F-5871-4042-81D1-6A5E1CE7C495}.AppStore|ARM.Build.0 = Release|ARM
		{1BC76F5F-5871-4042-81D1-6A5E1CE7C495}.AppStore|ARM.Deploy.0 = Release|ARM
		{1BC76F5F-5871-4042-81D1-6A5E1CE7C495}.AppStore|iPhone.ActiveCfg = Release|Any CPU
		{1BC76F5F-5871-4042-81D1-6A5E1CE7C495}.AppStore|iPhoneSimulator.ActiveCfg = Release|Any CPU
		{1BC76F5F-5871-4042-81D1-6A5E1CE7C495}.AppStore|Mixed Platforms.ActiveCfg = Release|x86
		{1BC76F5F-5871-4042-81D1-6A5E1CE7C495}.AppStore|Mixed Platforms.Build.0 = Release|x86
		{1BC76F5F-5871-4042-81D1-6A5E1CE7C495}.AppStore|Mixed Platforms.Deploy.0 = Release|x86
		{1BC76F5F-5871-4042-81D1-6A5E1CE7C495}.AppStore|x64.ActiveCfg = Release|x64
		{1BC76F5F-5871-4042-81D1-6A5E1CE7C495}.AppStore|x64.Build.0 = Release|x64
		{1BC76F5F-5871-4042-81D1-6A5E1CE7C495}.AppStore|x64.Deploy.0 = Release|x64
		{1BC76F5F-5871-4042-81D1-6A5E1CE7C495}.AppStore|x86.ActiveCfg = Release|x86
		{1BC76F5F-5871-4042-81D1-6A5E1CE7C495}.AppStore|x86.Build.0 = Release|x86
		{1BC76F5F-5871-4042-81D1-6A5E1CE7C495}.AppStore|x86.Deploy.0 = Release|x86
		{1BC76F5F-5871-4042-81D1-6A5E1CE7C495}.Debug|Any CPU.ActiveCfg = Debug|Any CPU
		{1BC76F5F-5871-4042-81D1-6A5E1CE7C495}.Debug|Any CPU.Build.0 = Debug|Any CPU
		{1BC76F5F-5871-4042-81D1-6A5E1CE7C495}.Debug|Any CPU.Deploy.0 = Debug|Any CPU
		{1BC76F5F-5871-4042-81D1-6A5E1CE7C495}.Debug|ARM.ActiveCfg = Debug|ARM
		{1BC76F5F-5871-4042-81D1-6A5E1CE7C495}.Debug|ARM.Build.0 = Debug|ARM
		{1BC76F5F-5871-4042-81D1-6A5E1CE7C495}.Debug|ARM.Deploy.0 = Debug|ARM
		{1BC76F5F-5871-4042-81D1-6A5E1CE7C495}.Debug|iPhone.ActiveCfg = Debug|Any CPU
		{1BC76F5F-5871-4042-81D1-6A5E1CE7C495}.Debug|iPhoneSimulator.ActiveCfg = Debug|Any CPU
		{1BC76F5F-5871-4042-81D1-6A5E1CE7C495}.Debug|Mixed Platforms.ActiveCfg = Debug|x86
		{1BC76F5F-5871-4042-81D1-6A5E1CE7C495}.Debug|Mixed Platforms.Build.0 = Debug|x86
		{1BC76F5F-5871-4042-81D1-6A5E1CE7C495}.Debug|Mixed Platforms.Deploy.0 = Debug|x86
		{1BC76F5F-5871-4042-81D1-6A5E1CE7C495}.Debug|x64.ActiveCfg = Debug|x64
		{1BC76F5F-5871-4042-81D1-6A5E1CE7C495}.Debug|x64.Build.0 = Debug|x64
		{1BC76F5F-5871-4042-81D1-6A5E1CE7C495}.Debug|x64.Deploy.0 = Debug|x64
		{1BC76F5F-5871-4042-81D1-6A5E1CE7C495}.Debug|x86.ActiveCfg = Debug|x86
		{1BC76F5F-5871-4042-81D1-6A5E1CE7C495}.Debug|x86.Build.0 = Debug|x86
		{1BC76F5F-5871-4042-81D1-6A5E1CE7C495}.Debug|x86.Deploy.0 = Debug|x86
		{1BC76F5F-5871-4042-81D1-6A5E1CE7C495}.Release|Any CPU.ActiveCfg = Release|Any CPU
		{1BC76F5F-5871-4042-81D1-6A5E1CE7C495}.Release|Any CPU.Build.0 = Release|Any CPU
		{1BC76F5F-5871-4042-81D1-6A5E1CE7C495}.Release|Any CPU.Deploy.0 = Release|Any CPU
		{1BC76F5F-5871-4042-81D1-6A5E1CE7C495}.Release|ARM.ActiveCfg = Release|ARM
		{1BC76F5F-5871-4042-81D1-6A5E1CE7C495}.Release|ARM.Build.0 = Release|ARM
		{1BC76F5F-5871-4042-81D1-6A5E1CE7C495}.Release|ARM.Deploy.0 = Release|ARM
		{1BC76F5F-5871-4042-81D1-6A5E1CE7C495}.Release|iPhone.ActiveCfg = Release|Any CPU
		{1BC76F5F-5871-4042-81D1-6A5E1CE7C495}.Release|iPhoneSimulator.ActiveCfg = Release|Any CPU
		{1BC76F5F-5871-4042-81D1-6A5E1CE7C495}.Release|Mixed Platforms.ActiveCfg = Release|x86
		{1BC76F5F-5871-4042-81D1-6A5E1CE7C495}.Release|Mixed Platforms.Build.0 = Release|x86
		{1BC76F5F-5871-4042-81D1-6A5E1CE7C495}.Release|Mixed Platforms.Deploy.0 = Release|x86
		{1BC76F5F-5871-4042-81D1-6A5E1CE7C495}.Release|x64.ActiveCfg = Release|x64
		{1BC76F5F-5871-4042-81D1-6A5E1CE7C495}.Release|x64.Build.0 = Release|x64
		{1BC76F5F-5871-4042-81D1-6A5E1CE7C495}.Release|x64.Deploy.0 = Release|x64
		{1BC76F5F-5871-4042-81D1-6A5E1CE7C495}.Release|x86.ActiveCfg = Release|x86
		{1BC76F5F-5871-4042-81D1-6A5E1CE7C495}.Release|x86.Build.0 = Release|x86
		{1BC76F5F-5871-4042-81D1-6A5E1CE7C495}.Release|x86.Deploy.0 = Release|x86
		{B88C5F08-B5E6-4020-BCCA-86A3AB11549A}.Ad-Hoc|Any CPU.ActiveCfg = Release|Any CPU
		{B88C5F08-B5E6-4020-BCCA-86A3AB11549A}.Ad-Hoc|Any CPU.Build.0 = Release|Any CPU
		{B88C5F08-B5E6-4020-BCCA-86A3AB11549A}.Ad-Hoc|Any CPU.Deploy.0 = Release|Any CPU
		{B88C5F08-B5E6-4020-BCCA-86A3AB11549A}.Ad-Hoc|ARM.ActiveCfg = Release|Any CPU
		{B88C5F08-B5E6-4020-BCCA-86A3AB11549A}.Ad-Hoc|iPhone.ActiveCfg = Release|Any CPU
		{B88C5F08-B5E6-4020-BCCA-86A3AB11549A}.Ad-Hoc|iPhoneSimulator.ActiveCfg = Release|Any CPU
		{B88C5F08-B5E6-4020-BCCA-86A3AB11549A}.Ad-Hoc|Mixed Platforms.ActiveCfg = Release|Any CPU
		{B88C5F08-B5E6-4020-BCCA-86A3AB11549A}.Ad-Hoc|Mixed Platforms.Build.0 = Release|Any CPU
		{B88C5F08-B5E6-4020-BCCA-86A3AB11549A}.Ad-Hoc|Mixed Platforms.Deploy.0 = Release|Any CPU
		{B88C5F08-B5E6-4020-BCCA-86A3AB11549A}.Ad-Hoc|x64.ActiveCfg = Release|Any CPU
		{B88C5F08-B5E6-4020-BCCA-86A3AB11549A}.Ad-Hoc|x86.ActiveCfg = Release|Any CPU
		{B88C5F08-B5E6-4020-BCCA-86A3AB11549A}.AppStore|Any CPU.ActiveCfg = Release|Any CPU
		{B88C5F08-B5E6-4020-BCCA-86A3AB11549A}.AppStore|Any CPU.Build.0 = Release|Any CPU
		{B88C5F08-B5E6-4020-BCCA-86A3AB11549A}.AppStore|Any CPU.Deploy.0 = Release|Any CPU
		{B88C5F08-B5E6-4020-BCCA-86A3AB11549A}.AppStore|ARM.ActiveCfg = Release|Any CPU
		{B88C5F08-B5E6-4020-BCCA-86A3AB11549A}.AppStore|iPhone.ActiveCfg = Release|Any CPU
		{B88C5F08-B5E6-4020-BCCA-86A3AB11549A}.AppStore|iPhoneSimulator.ActiveCfg = Release|Any CPU
		{B88C5F08-B5E6-4020-BCCA-86A3AB11549A}.AppStore|Mixed Platforms.ActiveCfg = Release|Any CPU
		{B88C5F08-B5E6-4020-BCCA-86A3AB11549A}.AppStore|Mixed Platforms.Build.0 = Release|Any CPU
		{B88C5F08-B5E6-4020-BCCA-86A3AB11549A}.AppStore|Mixed Platforms.Deploy.0 = Release|Any CPU
		{B88C5F08-B5E6-4020-BCCA-86A3AB11549A}.AppStore|x64.ActiveCfg = Release|Any CPU
		{B88C5F08-B5E6-4020-BCCA-86A3AB11549A}.AppStore|x86.ActiveCfg = Release|Any CPU
		{B88C5F08-B5E6-4020-BCCA-86A3AB11549A}.Debug|Any CPU.ActiveCfg = Debug|Any CPU
		{B88C5F08-B5E6-4020-BCCA-86A3AB11549A}.Debug|Any CPU.Build.0 = Debug|Any CPU
		{B88C5F08-B5E6-4020-BCCA-86A3AB11549A}.Debug|Any CPU.Deploy.0 = Debug|Any CPU
		{B88C5F08-B5E6-4020-BCCA-86A3AB11549A}.Debug|ARM.ActiveCfg = Debug|Any CPU
		{B88C5F08-B5E6-4020-BCCA-86A3AB11549A}.Debug|iPhone.ActiveCfg = Debug|Any CPU
		{B88C5F08-B5E6-4020-BCCA-86A3AB11549A}.Debug|iPhoneSimulator.ActiveCfg = Debug|Any CPU
		{B88C5F08-B5E6-4020-BCCA-86A3AB11549A}.Debug|Mixed Platforms.ActiveCfg = Debug|Any CPU
		{B88C5F08-B5E6-4020-BCCA-86A3AB11549A}.Debug|Mixed Platforms.Build.0 = Debug|Any CPU
		{B88C5F08-B5E6-4020-BCCA-86A3AB11549A}.Debug|Mixed Platforms.Deploy.0 = Debug|Any CPU
		{B88C5F08-B5E6-4020-BCCA-86A3AB11549A}.Debug|x64.ActiveCfg = Debug|Any CPU
		{B88C5F08-B5E6-4020-BCCA-86A3AB11549A}.Debug|x86.ActiveCfg = Debug|Any CPU
		{B88C5F08-B5E6-4020-BCCA-86A3AB11549A}.Release|Any CPU.ActiveCfg = Release|Any CPU
		{B88C5F08-B5E6-4020-BCCA-86A3AB11549A}.Release|Any CPU.Build.0 = Release|Any CPU
		{B88C5F08-B5E6-4020-BCCA-86A3AB11549A}.Release|Any CPU.Deploy.0 = Release|Any CPU
		{B88C5F08-B5E6-4020-BCCA-86A3AB11549A}.Release|ARM.ActiveCfg = Release|Any CPU
		{B88C5F08-B5E6-4020-BCCA-86A3AB11549A}.Release|iPhone.ActiveCfg = Release|Any CPU
		{B88C5F08-B5E6-4020-BCCA-86A3AB11549A}.Release|iPhoneSimulator.ActiveCfg = Release|Any CPU
		{B88C5F08-B5E6-4020-BCCA-86A3AB11549A}.Release|Mixed Platforms.ActiveCfg = Release|Any CPU
		{B88C5F08-B5E6-4020-BCCA-86A3AB11549A}.Release|Mixed Platforms.Build.0 = Release|Any CPU
		{B88C5F08-B5E6-4020-BCCA-86A3AB11549A}.Release|Mixed Platforms.Deploy.0 = Release|Any CPU
		{B88C5F08-B5E6-4020-BCCA-86A3AB11549A}.Release|x64.ActiveCfg = Release|Any CPU
		{B88C5F08-B5E6-4020-BCCA-86A3AB11549A}.Release|x86.ActiveCfg = Release|Any CPU
	EndGlobalSection
	GlobalSection(SolutionProperties) = preSolution
		HideSolutionNode = FALSE
	EndGlobalSection
	GlobalSection(NestedProjects) = preSolution
		{7B500905-DBAC-446D-BEEF-4D649544D43D} = {0D966643-ECCD-4288-B562-4E0FA8B24390}
		{EC4D7E89-74D3-4D15-85FE-5EC0CB647964} = {0D966643-ECCD-4288-B562-4E0FA8B24390}
		{7194FCEA-1666-4F05-B25F-BA01DC18D965} = {0D966643-ECCD-4288-B562-4E0FA8B24390}
		{928A9F08-3EB3-4790-A9C5-415AA819EA7F} = {0D966643-ECCD-4288-B562-4E0FA8B24390}
		{1BC76F5F-5871-4042-81D1-6A5E1CE7C495} = {0D966643-ECCD-4288-B562-4E0FA8B24390}
		{B88C5F08-B5E6-4020-BCCA-86A3AB11549A} = {0D966643-ECCD-4288-B562-4E0FA8B24390}
	EndGlobalSection
	GlobalSection(MonoDevelopProperties) = preSolution
		StartupItem = Refractored.MvxPlugins.Settings\Refractored.MvxPlugins.Settings.csproj
	EndGlobalSection
EndGlobal
